Microsoft Visual Studio Solution File, Format Version 12.00
# Visual Studio Version 17
VisualStudioVersion = 17.8.34330.188
MinimumVisualStudioVersion = 10.0.40219.1
Project("{FAE04EC0-301F-11D3-BF4B-00C04F79EFBC}") = "PortfolioApi", "backend\PortfolioApi\PortfolioApi.csproj", "{79172A4A-47F5-4685-9372-8FD5ED12DF54}"
EndProject
Project("{54A90642-561A-4BB1-A94E-469ADEE60C69}") = "PortfolioAngular", "frontend\PortfolioAngular.esproj", "{70FA4096-1DF5-485E-94BD-A66D1DA66468}"
EndProject
Global
	GlobalSection(SolutionConfigurationPlatforms) = preSolution
		Debug|Any CPU = Debug|Any CPU
		Release|Any CPU = Release|Any CPU
	EndGlobalSection
	GlobalSection(ProjectConfigurationPlatforms) = postSolution
		{79172A4A-47F5-4685-9372-8FD5ED12DF54}.Debug|Any CPU.ActiveCfg = Debug|Any CPU
		{79172A4A-47F5-4685-9372-8FD5ED12DF54}.Debug|Any CPU.Build.0 = Debug|Any CPU
		{79172A4A-47F5-4685-9372-8FD5ED12DF54}.Release|Any CPU.ActiveCfg = Release|Any CPU
		{79172A4A-47F5-4685-9372-8FD5ED12DF54}.Release|Any CPU.Build.0 = Release|Any CPU
		{70FA4096-1DF5-485E-94BD-A66D1DA66468}.Debug|Any CPU.ActiveCfg = Debug|Any CPU
		{70FA4096-1DF5-485E-94BD-A66D1DA66468}.Debug|Any CPU.Build.0 = Debug|Any CPU
		{70FA4096-1DF5-485E-94BD-A66D1DA66468}.Release|Any CPU.ActiveCfg = Release|Any CPU
		{70FA4096-1DF5-485E-94BD-A66D1DA66468}.Release|Any CPU.Build.0 = Release|Any CPU
	EndGlobalSection
	GlobalSection(SolutionProperties) = preSolution
		HideSolutionNode = FALSE
	EndGlobalSection
EndGlobal
